
Microsoft Visual Studio Solution File, Format Version 12.00
# Visual Studio Version 16
VisualStudioVersion = 16.0.29503.13
MinimumVisualStudioVersion = 10.0.40219.1
Project("{2150E333-8FDC-42A3-9474-1A3956D46DE8}") = "01 - UI", "01 - UI", "{759C9133-A61F-48B0-BA29-00177D546821}"
EndProject
Project("{2150E333-8FDC-42A3-9474-1A3956D46DE8}") = "02 - Services", "02 - Services", "{CDCD8FAF-7356-47B3-A945-BB8786713741}"
EndProject
Project("{2150E333-8FDC-42A3-9474-1A3956D46DE8}") = "03 - Model", "03 - Model", "{C0121BD5-A8E2-4258-9DAF-0CB079F9DB48}"
EndProject
Project("{2150E333-8FDC-42A3-9474-1A3956D46DE8}") = "04 - DataAccess", "04 - DataAccess", "{D31A6665-4928-40C2-B835-94F0FC070EF9}"
EndProject
Project("{9A19103F-16F7-4668-BE54-9A1E7A4F7556}") = "Entities", "Entities\Entities.csproj", "{54315A49-9D5C-41BC-BB7D-BB4C1F1D9D9F}"
EndProject
Project("{9A19103F-16F7-4668-BE54-9A1E7A4F7556}") = "DataAccess", "DataAccess\DataAccess.csproj", "{47744F68-9FDA-468F-BA8F-4443F3293D3A}"
EndProject
Project("{2150E333-8FDC-42A3-9474-1A3956D46DE8}") = "06 - Support", "06 - Support", "{6A3385EB-7664-46B9-8CCF-8FEC868989D2}"
EndProject
Project("{2150E333-8FDC-42A3-9474-1A3956D46DE8}") = "07 - Testing", "07 - Testing", "{7EA2D224-610E-4667-AD7F-F975A640F8B3}"
EndProject
Project("{9A19103F-16F7-4668-BE54-9A1E7A4F7556}") = "WebApiServices", "WebApiServices\WebApiServices.csproj", "{4D3DEAD1-3D3E-40C0-9824-897CE0A92FC0}"
EndProject
Project("{9A19103F-16F7-4668-BE54-9A1E7A4F7556}") = "DIManagement", "DIManagement\DIManagement.csproj", "{F3B3AA25-3567-4162-ACD2-9CD319C8F203}"
EndProject
Project("{9A19103F-16F7-4668-BE54-9A1E7A4F7556}") = "IRepositories", "IRepositories\IRepositories.csproj", "{81EE11B1-BD12-414C-A7BB-CD167B36AA11}"
EndProject
Project("{9A19103F-16F7-4668-BE54-9A1E7A4F7556}") = "DTO", "DTO\DTO.csproj", "{1E27783B-4EF4-4027-AD90-83414F4E8181}"
EndProject
Project("{9A19103F-16F7-4668-BE54-9A1E7A4F7556}") = "IBusinessLogic", "IBusinessLogic\IBusinessLogic.csproj", "{DA924FB7-EC12-4073-9D75-DB2872DAB99A}"
EndProject
Project("{9A19103F-16F7-4668-BE54-9A1E7A4F7556}") = "BusinessLogic", "BusinessLogic\BusinessLogic.csproj", "{37343C53-2DA9-4409-889F-531E0E329E35}"
EndProject
Project("{FAE04EC0-301F-11D3-BF4B-00C04F79EFBC}") = "WinForm", "WinForm\WinForm.csproj", "{5FE03347-0375-4233-BEC2-323505324059}"
EndProject
Project("{9A19103F-16F7-4668-BE54-9A1E7A4F7556}") = "ServiceSupport", "ServiceSupport\ServiceSupport.csproj", "{F95BD251-7EF8-47F9-BC72-9D69334CBE9A}"
EndProject
Project("{9A19103F-16F7-4668-BE54-9A1E7A4F7556}") = "NUnitTestProject", "NUnitTestProject\NUnitTestProject.csproj", "{57FC6E38-A10A-435F-83A1-79618A731C61}"
EndProject
Project("{9A19103F-16F7-4668-BE54-9A1E7A4F7556}") = "process", "process\process.csproj", "{B8A0856A-1248-4633-AFB7-4456F8ABD0D6}"
EndProject
Project("{9A19103F-16F7-4668-BE54-9A1E7A4F7556}") = "WebApiShopping", "WebApiShopping\WebApiShopping.csproj", "{D8DD5B7F-2567-425D-AF3C-081C467D172D}"
EndProject
Global
	GlobalSection(SolutionConfigurationPlatforms) = preSolution
		Debug|Any CPU = Debug|Any CPU
		Debug|ARM = Debug|ARM
		Debug|ARM64 = Debug|ARM64
		Debug|x64 = Debug|x64
		Debug|x86 = Debug|x86
		Release|Any CPU = Release|Any CPU
		Release|ARM = Release|ARM
		Release|ARM64 = Release|ARM64
		Release|x64 = Release|x64
		Release|x86 = Release|x86
	EndGlobalSection
	GlobalSection(ProjectConfigurationPlatforms) = postSolution
		{54315A49-9D5C-41BC-BB7D-BB4C1F1D9D9F}.Debug|Any CPU.ActiveCfg = Debug|Any CPU
		{54315A49-9D5C-41BC-BB7D-BB4C1F1D9D9F}.Debug|Any CPU.Build.0 = Debug|Any CPU
		{54315A49-9D5C-41BC-BB7D-BB4C1F1D9D9F}.Debug|ARM.ActiveCfg = Debug|Any CPU
		{54315A49-9D5C-41BC-BB7D-BB4C1F1D9D9F}.Debug|ARM.Build.0 = Debug|Any CPU
		{54315A49-9D5C-41BC-BB7D-BB4C1F1D9D9F}.Debug|ARM64.ActiveCfg = Debug|Any CPU
		{54315A49-9D5C-41BC-BB7D-BB4C1F1D9D9F}.Debug|ARM64.Build.0 = Debug|Any CPU
		{54315A49-9D5C-41BC-BB7D-BB4C1F1D9D9F}.Debug|x64.ActiveCfg = Debug|Any CPU
		{54315A49-9D5C-41BC-BB7D-BB4C1F1D9D9F}.Debug|x64.Build.0 = Debug|Any CPU
		{54315A49-9D5C-41BC-BB7D-BB4C1F1D9D9F}.Debug|x86.ActiveCfg = Debug|Any CPU
		{54315A49-9D5C-41BC-BB7D-BB4C1F1D9D9F}.Debug|x86.Build.0 = Debug|Any CPU
		{54315A49-9D5C-41BC-BB7D-BB4C1F1D9D9F}.Release|Any CPU.ActiveCfg = Release|Any CPU
		{54315A49-9D5C-41BC-BB7D-BB4C1F1D9D9F}.Release|Any CPU.Build.0 = Release|Any CPU
		{54315A49-9D5C-41BC-BB7D-BB4C1F1D9D9F}.Release|ARM.ActiveCfg = Release|Any CPU
		{54315A49-9D5C-41BC-BB7D-BB4C1F1D9D9F}.Release|ARM.Build.0 = Release|Any CPU
		{54315A49-9D5C-41BC-BB7D-BB4C1F1D9D9F}.Release|ARM64.ActiveCfg = Release|Any CPU
		{54315A49-9D5C-41BC-BB7D-BB4C1F1D9D9F}.Release|ARM64.Build.0 = Release|Any CPU
		{54315A49-9D5C-41BC-BB7D-BB4C1F1D9D9F}.Release|x64.ActiveCfg = Release|Any CPU
		{54315A49-9D5C-41BC-BB7D-BB4C1F1D9D9F}.Release|x64.Build.0 = Release|Any CPU
		{54315A49-9D5C-41BC-BB7D-BB4C1F1D9D9F}.Release|x86.ActiveCfg = Release|Any CPU
		{54315A49-9D5C-41BC-BB7D-BB4C1F1D9D9F}.Release|x86.Build.0 = Release|Any CPU
		{47744F68-9FDA-468F-BA8F-4443F3293D3A}.Debug|Any CPU.ActiveCfg = Debug|Any CPU
		{47744F68-9FDA-468F-BA8F-4443F3293D3A}.Debug|Any CPU.Build.0 = Debug|Any CPU
		{47744F68-9FDA-468F-BA8F-4443F3293D3A}.Debug|ARM.ActiveCfg = Debug|Any CPU
		{47744F68-9FDA-468F-BA8F-4443F3293D3A}.Debug|ARM.Build.0 = Debug|Any CPU
		{47744F68-9FDA-468F-BA8F-4443F3293D3A}.Debug|ARM64.ActiveCfg = Debug|Any CPU
		{47744F68-9FDA-468F-BA8F-4443F3293D3A}.Debug|ARM64.Build.0 = Debug|Any CPU
		{47744F68-9FDA-468F-BA8F-4443F3293D3A}.Debug|x64.ActiveCfg = Debug|Any CPU
		{47744F68-9FDA-468F-BA8F-4443F3293D3A}.Debug|x64.Build.0 = Debug|Any CPU
		{47744F68-9FDA-468F-BA8F-4443F3293D3A}.Debug|x86.ActiveCfg = Debug|Any CPU
		{47744F68-9FDA-468F-BA8F-4443F3293D3A}.Debug|x86.Build.0 = Debug|Any CPU
		{47744F68-9FDA-468F-BA8F-4443F3293D3A}.Release|Any CPU.ActiveCfg = Release|Any CPU
		{47744F68-9FDA-468F-BA8F-4443F3293D3A}.Release|Any CPU.Build.0 = Release|Any CPU
		{47744F68-9FDA-468F-BA8F-4443F3293D3A}.Release|ARM.ActiveCfg = Release|Any CPU
		{47744F68-9FDA-468F-BA8F-4443F3293D3A}.Release|ARM.Build.0 = Release|Any CPU
		{47744F68-9FDA-468F-BA8F-4443F3293D3A}.Release|ARM64.ActiveCfg = Release|Any CPU
		{47744F68-9FDA-468F-BA8F-4443F3293D3A}.Release|ARM64.Build.0 = Release|Any CPU
		{47744F68-9FDA-468F-BA8F-4443F3293D3A}.Release|x64.ActiveCfg = Release|Any CPU
		{47744F68-9FDA-468F-BA8F-4443F3293D3A}.Release|x64.Build.0 = Release|Any CPU
		{47744F68-9FDA-468F-BA8F-4443F3293D3A}.Release|x86.ActiveCfg = Release|Any CPU
		{47744F68-9FDA-468F-BA8F-4443F3293D3A}.Release|x86.Build.0 = Release|Any CPU
		{4D3DEAD1-3D3E-40C0-9824-897CE0A92FC0}.Debug|Any CPU.ActiveCfg = Debug|Any CPU
		{4D3DEAD1-3D3E-40C0-9824-897CE0A92FC0}.Debug|Any CPU.Build.0 = Debug|Any CPU
		{4D3DEAD1-3D3E-40C0-9824-897CE0A92FC0}.Debug|ARM.ActiveCfg = Debug|Any CPU
		{4D3DEAD1-3D3E-40C0-9824-897CE0A92FC0}.Debug|ARM.Build.0 = Debug|Any CPU
		{4D3DEAD1-3D3E-40C0-9824-897CE0A92FC0}.Debug|ARM64.ActiveCfg = Debug|Any CPU
		{4D3DEAD1-3D3E-40C0-9824-897CE0A92FC0}.Debug|ARM64.Build.0 = Debug|Any CPU
		{4D3DEAD1-3D3E-40C0-9824-897CE0A92FC0}.Debug|x64.ActiveCfg = Debug|Any CPU
		{4D3DEAD1-3D3E-40C0-9824-897CE0A92FC0}.Debug|x64.Build.0 = Debug|Any CPU
		{4D3DEAD1-3D3E-40C0-9824-897CE0A92FC0}.Debug|x86.ActiveCfg = Debug|Any CPU
		{4D3DEAD1-3D3E-40C0-9824-897CE0A92FC0}.Debug|x86.Build.0 = Debug|Any CPU
		{4D3DEAD1-3D3E-40C0-9824-897CE0A92FC0}.Release|Any CPU.ActiveCfg = Release|Any CPU
		{4D3DEAD1-3D3E-40C0-9824-897CE0A92FC0}.Release|Any CPU.Build.0 = Release|Any CPU
		{4D3DEAD1-3D3E-40C0-9824-897CE0A92FC0}.Release|ARM.ActiveCfg = Release|Any CPU
		{4D3DEAD1-3D3E-40C0-9824-897CE0A92FC0}.Release|ARM.Build.0 = Release|Any CPU
		{4D3DEAD1-3D3E-40C0-9824-897CE0A92FC0}.Release|ARM64.ActiveCfg = Release|Any CPU
		{4D3DEAD1-3D3E-40C0-9824-897CE0A92FC0}.Release|ARM64.Build.0 = Release|Any CPU
		{4D3DEAD1-3D3E-40C0-9824-897CE0A92FC0}.Release|x64.ActiveCfg = Release|Any CPU
		{4D3DEAD1-3D3E-40C0-9824-897CE0A92FC0}.Release|x64.Build.0 = Release|Any CPU
		{4D3DEAD1-3D3E-40C0-9824-897CE0A92FC0}.Release|x86.ActiveCfg = Release|Any CPU
		{4D3DEAD1-3D3E-40C0-9824-897CE0A92FC0}.Release|x86.Build.0 = Release|Any CPU
		{F3B3AA25-3567-4162-ACD2-9CD319C8F203}.Debug|Any CPU.ActiveCfg = Debug|Any CPU
		{F3B3AA25-3567-4162-ACD2-9CD319C8F203}.Debug|Any CPU.Build.0 = Debug|Any CPU
		{F3B3AA25-3567-4162-ACD2-9CD319C8F203}.Debug|ARM.ActiveCfg = Debug|Any CPU
		{F3B3AA25-3567-4162-ACD2-9CD319C8F203}.Debug|ARM.Build.0 = Debug|Any CPU
		{F3B3AA25-3567-4162-ACD2-9CD319C8F203}.Debug|ARM64.ActiveCfg = Debug|Any CPU
		{F3B3AA25-3567-4162-ACD2-9CD319C8F203}.Debug|ARM64.Build.0 = Debug|Any CPU
		{F3B3AA25-3567-4162-ACD2-9CD319C8F203}.Debug|x64.ActiveCfg = Debug|Any CPU
		{F3B3AA25-3567-4162-ACD2-9CD319C8F203}.Debug|x64.Build.0 = Debug|Any CPU
		{F3B3AA25-3567-4162-ACD2-9CD319C8F203}.Debug|x86.ActiveCfg = Debug|Any CPU
		{F3B3AA25-3567-4162-ACD2-9CD319C8F203}.Debug|x86.Build.0 = Debug|Any CPU
		{F3B3AA25-3567-4162-ACD2-9CD319C8F203}.Release|Any CPU.ActiveCfg = Release|Any CPU
		{F3B3AA25-3567-4162-ACD2-9CD319C8F203}.Release|Any CPU.Build.0 = Release|Any CPU
		{F3B3AA25-3567-4162-ACD2-9CD319C8F203}.Release|ARM.ActiveCfg = Release|Any CPU
		{F3B3AA25-3567-4162-ACD2-9CD319C8F203}.Release|ARM.Build.0 = Release|Any CPU
		{F3B3AA25-3567-4162-ACD2-9CD319C8F203}.Release|ARM64.ActiveCfg = Release|Any CPU
		{F3B3AA25-3567-4162-ACD2-9CD319C8F203}.Release|ARM64.Build.0 = Release|Any CPU
		{F3B3AA25-3567-4162-ACD2-9CD319C8F203}.Release|x64.ActiveCfg = Release|Any CPU
		{F3B3AA25-3567-4162-ACD2-9CD319C8F203}.Release|x64.Build.0 = Release|Any CPU
		{F3B3AA25-3567-4162-ACD2-9CD319C8F203}.Release|x86.ActiveCfg = Release|Any CPU
		{F3B3AA25-3567-4162-ACD2-9CD319C8F203}.Release|x86.Build.0 = Release|Any CPU
		{81EE11B1-BD12-414C-A7BB-CD167B36AA11}.Debug|Any CPU.ActiveCfg = Debug|Any CPU
		{81EE11B1-BD12-414C-A7BB-CD167B36AA11}.Debug|Any CPU.Build.0 = Debug|Any CPU
		{81EE11B1-BD12-414C-A7BB-CD167B36AA11}.Debug|ARM.ActiveCfg = Debug|Any CPU
		{81EE11B1-BD12-414C-A7BB-CD167B36AA11}.Debug|ARM.Build.0 = Debug|Any CPU
		{81EE11B1-BD12-414C-A7BB-CD167B36AA11}.Debug|ARM64.ActiveCfg = Debug|Any CPU
		{81EE11B1-BD12-414C-A7BB-CD167B36AA11}.Debug|ARM64.Build.0 = Debug|Any CPU
		{81EE11B1-BD12-414C-A7BB-CD167B36AA11}.Debug|x64.ActiveCfg = Debug|Any CPU
		{81EE11B1-BD12-414C-A7BB-CD167B36AA11}.Debug|x64.Build.0 = Debug|Any CPU
		{81EE11B1-BD12-414C-A7BB-CD167B36AA11}.Debug|x86.ActiveCfg = Debug|Any CPU
		{81EE11B1-BD12-414C-A7BB-CD167B36AA11}.Debug|x86.Build.0 = Debug|Any CPU
		{81EE11B1-BD12-414C-A7BB-CD167B36AA11}.Release|Any CPU.ActiveCfg = Release|Any CPU
		{81EE11B1-BD12-414C-A7BB-CD167B36AA11}.Release|Any CPU.Build.0 = Release|Any CPU
		{81EE11B1-BD12-414C-A7BB-CD167B36AA11}.Release|ARM.ActiveCfg = Release|Any CPU
		{81EE11B1-BD12-414C-A7BB-CD167B36AA11}.Release|ARM.Build.0 = Release|Any CPU
		{81EE11B1-BD12-414C-A7BB-CD167B36AA11}.Release|ARM64.ActiveCfg = Release|Any CPU
		{81EE11B1-BD12-414C-A7BB-CD167B36AA11}.Release|ARM64.Build.0 = Release|Any CPU
		{81EE11B1-BD12-414C-A7BB-CD167B36AA11}.Release|x64.ActiveCfg = Release|Any CPU
		{81EE11B1-BD12-414C-A7BB-CD167B36AA11}.Release|x64.Build.0 = Release|Any CPU
		{81EE11B1-BD12-414C-A7BB-CD167B36AA11}.Release|x86.ActiveCfg = Release|Any CPU
		{81EE11B1-BD12-414C-A7BB-CD167B36AA11}.Release|x86.Build.0 = Release|Any CPU
		{1E27783B-4EF4-4027-AD90-83414F4E8181}.Debug|Any CPU.ActiveCfg = Debug|Any CPU
		{1E27783B-4EF4-4027-AD90-83414F4E8181}.Debug|Any CPU.Build.0 = Debug|Any CPU
		{1E27783B-4EF4-4027-AD90-83414F4E8181}.Debug|ARM.ActiveCfg = Debug|Any CPU
		{1E27783B-4EF4-4027-AD90-83414F4E8181}.Debug|ARM.Build.0 = Debug|Any CPU
		{1E27783B-4EF4-4027-AD90-83414F4E8181}.Debug|ARM64.ActiveCfg = Debug|Any CPU
		{1E27783B-4EF4-4027-AD90-83414F4E8181}.Debug|ARM64.Build.0 = Debug|Any CPU
		{1E27783B-4EF4-4027-AD90-83414F4E8181}.Debug|x64.ActiveCfg = Debug|Any CPU
		{1E27783B-4EF4-4027-AD90-83414F4E8181}.Debug|x64.Build.0 = Debug|Any CPU
		{1E27783B-4EF4-4027-AD90-83414F4E8181}.Debug|x86.ActiveCfg = Debug|Any CPU
		{1E27783B-4EF4-4027-AD90-83414F4E8181}.Debug|x86.Build.0 = Debug|Any CPU
		{1E27783B-4EF4-4027-AD90-83414F4E8181}.Release|Any CPU.ActiveCfg = Release|Any CPU
		{1E27783B-4EF4-4027-AD90-83414F4E8181}.Release|Any CPU.Build.0 = Release|Any CPU
		{1E27783B-4EF4-4027-AD90-83414F4E8181}.Release|ARM.ActiveCfg = Release|Any CPU
		{1E27783B-4EF4-4027-AD90-83414F4E8181}.Release|ARM.Build.0 = Release|Any CPU
		{1E27783B-4EF4-4027-AD90-83414F4E8181}.Release|ARM64.ActiveCfg = Release|Any CPU
		{1E27783B-4EF4-4027-AD90-83414F4E8181}.Release|ARM64.Build.0 = Release|Any CPU
		{1E27783B-4EF4-4027-AD90-83414F4E8181}.Release|x64.ActiveCfg = Release|Any CPU
		{1E27783B-4EF4-4027-AD90-83414F4E8181}.Release|x64.Build.0 = Release|Any CPU
		{1E27783B-4EF4-4027-AD90-83414F4E8181}.Release|x86.ActiveCfg = Release|Any CPU
		{1E27783B-4EF4-4027-AD90-83414F4E8181}.Release|x86.Build.0 = Release|Any CPU
		{DA924FB7-EC12-4073-9D75-DB2872DAB99A}.Debug|Any CPU.ActiveCfg = Debug|Any CPU
		{DA924FB7-EC12-4073-9D75-DB2872DAB99A}.Debug|Any CPU.Build.0 = Debug|Any CPU
		{DA924FB7-EC12-4073-9D75-DB2872DAB99A}.Debug|ARM.ActiveCfg = Debug|Any CPU
		{DA924FB7-EC12-4073-9D75-DB2872DAB99A}.Debug|ARM.Build.0 = Debug|Any CPU
		{DA924FB7-EC12-4073-9D75-DB2872DAB99A}.Debug|ARM64.ActiveCfg = Debug|Any CPU
		{DA924FB7-EC12-4073-9D75-DB2872DAB99A}.Debug|ARM64.Build.0 = Debug|Any CPU
		{DA924FB7-EC12-4073-9D75-DB2872DAB99A}.Debug|x64.ActiveCfg = Debug|Any CPU
		{DA924FB7-EC12-4073-9D75-DB2872DAB99A}.Debug|x64.Build.0 = Debug|Any CPU
		{DA924FB7-EC12-4073-9D75-DB2872DAB99A}.Debug|x86.ActiveCfg = Debug|Any CPU
		{DA924FB7-EC12-4073-9D75-DB2872DAB99A}.Debug|x86.Build.0 = Debug|Any CPU
		{DA924FB7-EC12-4073-9D75-DB2872DAB99A}.Release|Any CPU.ActiveCfg = Release|Any CPU
		{DA924FB7-EC12-4073-9D75-DB2872DAB99A}.Release|Any CPU.Build.0 = Release|Any CPU
		{DA924FB7-EC12-4073-9D75-DB2872DAB99A}.Release|ARM.ActiveCfg = Release|Any CPU
		{DA924FB7-EC12-4073-9D75-DB2872DAB99A}.Release|ARM.Build.0 = Release|Any CPU
		{DA924FB7-EC12-4073-9D75-DB2872DAB99A}.Release|ARM64.ActiveCfg = Release|Any CPU
		{DA924FB7-EC12-4073-9D75-DB2872DAB99A}.Release|ARM64.Build.0 = Release|Any CPU
		{DA924FB7-EC12-4073-9D75-DB2872DAB99A}.Release|x64.ActiveCfg = Release|Any CPU
		{DA924FB7-EC12-4073-9D75-DB2872DAB99A}.Release|x64.Build.0 = Release|Any CPU
		{DA924FB7-EC12-4073-9D75-DB2872DAB99A}.Release|x86.ActiveCfg = Release|Any CPU
		{DA924FB7-EC12-4073-9D75-DB2872DAB99A}.Release|x86.Build.0 = Release|Any CPU
		{37343C53-2DA9-4409-889F-531E0E329E35}.Debug|Any CPU.ActiveCfg = Debug|Any CPU
		{37343C53-2DA9-4409-889F-531E0E329E35}.Debug|Any CPU.Build.0 = Debug|Any CPU
		{37343C53-2DA9-4409-889F-531E0E329E35}.Debug|ARM.ActiveCfg = Debug|Any CPU
		{37343C53-2DA9-4409-889F-531E0E329E35}.Debug|ARM.Build.0 = Debug|Any CPU
		{37343C53-2DA9-4409-889F-531E0E329E35}.Debug|ARM64.ActiveCfg = Debug|Any CPU
		{37343C53-2DA9-4409-889F-531E0E329E35}.Debug|ARM64.Build.0 = Debug|Any CPU
		{37343C53-2DA9-4409-889F-531E0E329E35}.Debug|x64.ActiveCfg = Debug|Any CPU
		{37343C53-2DA9-4409-889F-531E0E329E35}.Debug|x64.Build.0 = Debug|Any CPU
		{37343C53-2DA9-4409-889F-531E0E329E35}.Debug|x86.ActiveCfg = Debug|Any CPU
		{37343C53-2DA9-4409-889F-531E0E329E35}.Debug|x86.Build.0 = Debug|Any CPU
		{37343C53-2DA9-4409-889F-531E0E329E35}.Release|Any CPU.ActiveCfg = Release|Any CPU
		{37343C53-2DA9-4409-889F-531E0E329E35}.Release|Any CPU.Build.0 = Release|Any CPU
		{37343C53-2DA9-4409-889F-531E0E329E35}.Release|ARM.ActiveCfg = Release|Any CPU
		{37343C53-2DA9-4409-889F-531E0E329E35}.Release|ARM.Build.0 = Release|Any CPU
		{37343C53-2DA9-4409-889F-531E0E329E35}.Release|ARM64.ActiveCfg = Release|Any CPU
		{37343C53-2DA9-4409-889F-531E0E329E35}.Release|ARM64.Build.0 = Release|Any CPU
		{37343C53-2DA9-4409-889F-531E0E329E35}.Release|x64.ActiveCfg = Release|Any CPU
		{37343C53-2DA9-4409-889F-531E0E329E35}.Release|x64.Build.0 = Release|Any CPU
		{37343C53-2DA9-4409-889F-531E0E329E35}.Release|x86.ActiveCfg = Release|Any CPU
		{37343C53-2DA9-4409-889F-531E0E329E35}.Release|x86.Build.0 = Release|Any CPU
		{5FE03347-0375-4233-BEC2-323505324059}.Debug|Any CPU.ActiveCfg = Debug|Any CPU
		{5FE03347-0375-4233-BEC2-323505324059}.Debug|Any CPU.Build.0 = Debug|Any CPU
		{5FE03347-0375-4233-BEC2-323505324059}.Debug|ARM.ActiveCfg = Debug|Any CPU
		{5FE03347-0375-4233-BEC2-323505324059}.Debug|ARM.Build.0 = Debug|Any CPU
		{5FE03347-0375-4233-BEC2-323505324059}.Debug|ARM64.ActiveCfg = Debug|Any CPU
		{5FE03347-0375-4233-BEC2-323505324059}.Debug|ARM64.Build.0 = Debug|Any CPU
		{5FE03347-0375-4233-BEC2-323505324059}.Debug|x64.ActiveCfg = Debug|Any CPU
		{5FE03347-0375-4233-BEC2-323505324059}.Debug|x64.Build.0 = Debug|Any CPU
		{5FE03347-0375-4233-BEC2-323505324059}.Debug|x86.ActiveCfg = Debug|Any CPU
		{5FE03347-0375-4233-BEC2-323505324059}.Debug|x86.Build.0 = Debug|Any CPU
		{5FE03347-0375-4233-BEC2-323505324059}.Release|Any CPU.ActiveCfg = Release|Any CPU
		{5FE03347-0375-4233-BEC2-323505324059}.Release|Any CPU.Build.0 = Release|Any CPU
		{5FE03347-0375-4233-BEC2-323505324059}.Release|ARM.ActiveCfg = Release|Any CPU
		{5FE03347-0375-4233-BEC2-323505324059}.Release|ARM.Build.0 = Release|Any CPU
		{5FE03347-0375-4233-BEC2-323505324059}.Release|ARM64.ActiveCfg = Release|Any CPU
		{5FE03347-0375-4233-BEC2-323505324059}.Release|ARM64.Build.0 = Release|Any CPU
		{5FE03347-0375-4233-BEC2-323505324059}.Release|x64.ActiveCfg = Release|Any CPU
		{5FE03347-0375-4233-BEC2-323505324059}.Release|x64.Build.0 = Release|Any CPU
		{5FE03347-0375-4233-BEC2-323505324059}.Release|x86.ActiveCfg = Release|Any CPU
		{5FE03347-0375-4233-BEC2-323505324059}.Release|x86.Build.0 = Release|Any CPU
		{F95BD251-7EF8-47F9-BC72-9D69334CBE9A}.Debug|Any CPU.ActiveCfg = Debug|Any CPU
		{F95BD251-7EF8-47F9-BC72-9D69334CBE9A}.Debug|Any CPU.Build.0 = Debug|Any CPU
		{F95BD251-7EF8-47F9-BC72-9D69334CBE9A}.Debug|ARM.ActiveCfg = Debug|Any CPU
		{F95BD251-7EF8-47F9-BC72-9D69334CBE9A}.Debug|ARM.Build.0 = Debug|Any CPU
		{F95BD251-7EF8-47F9-BC72-9D69334CBE9A}.Debug|ARM64.ActiveCfg = Debug|Any CPU
		{F95BD251-7EF8-47F9-BC72-9D69334CBE9A}.Debug|ARM64.Build.0 = Debug|Any CPU
		{F95BD251-7EF8-47F9-BC72-9D69334CBE9A}.Debug|x64.ActiveCfg = Debug|Any CPU
		{F95BD251-7EF8-47F9-BC72-9D69334CBE9A}.Debug|x64.Build.0 = Debug|Any CPU
		{F95BD251-7EF8-47F9-BC72-9D69334CBE9A}.Debug|x86.ActiveCfg = Debug|Any CPU
		{F95BD251-7EF8-47F9-BC72-9D69334CBE9A}.Debug|x86.Build.0 = Debug|Any CPU
		{F95BD251-7EF8-47F9-BC72-9D69334CBE9A}.Release|Any CPU.ActiveCfg = Release|Any CPU
		{F95BD251-7EF8-47F9-BC72-9D69334CBE9A}.Release|Any CPU.Build.0 = Release|Any CPU
		{F95BD251-7EF8-47F9-BC72-9D69334CBE9A}.Release|ARM.ActiveCfg = Release|Any CPU
		{F95BD251-7EF8-47F9-BC72-9D69334CBE9A}.Release|ARM.Build.0 = Release|Any CPU
		{F95BD251-7EF8-47F9-BC72-9D69334CBE9A}.Release|ARM64.ActiveCfg = Release|Any CPU
		{F95BD251-7EF8-47F9-BC72-9D69334CBE9A}.Release|ARM64.Build.0 = Release|Any CPU
		{F95BD251-7EF8-47F9-BC72-9D69334CBE9A}.Release|x64.ActiveCfg = Release|Any CPU
		{F95BD251-7EF8-47F9-BC72-9D69334CBE9A}.Release|x64.Build.0 = Release|Any CPU
		{F95BD251-7EF8-47F9-BC72-9D69334CBE9A}.Release|x86.ActiveCfg = Release|Any CPU
		{F95BD251-7EF8-47F9-BC72-9D69334CBE9A}.Release|x86.Build.0 = Release|Any CPU
		{57FC6E38-A10A-435F-83A1-79618A731C61}.Debug|Any CPU.ActiveCfg = Debug|Any CPU
		{57FC6E38-A10A-435F-83A1-79618A731C61}.Debug|Any CPU.Build.0 = Debug|Any CPU
		{57FC6E38-A10A-435F-83A1-79618A731C61}.Debug|ARM.ActiveCfg = Debug|Any CPU
		{57FC6E38-A10A-435F-83A1-79618A731C61}.Debug|ARM.Build.0 = Debug|Any CPU
		{57FC6E38-A10A-435F-83A1-79618A731C61}.Debug|ARM64.ActiveCfg = Debug|Any CPU
		{57FC6E38-A10A-435F-83A1-79618A731C61}.Debug|ARM64.Build.0 = Debug|Any CPU
		{57FC6E38-A10A-435F-83A1-79618A731C61}.Debug|x64.ActiveCfg = Debug|Any CPU
		{57FC6E38-A10A-435F-83A1-79618A731C61}.Debug|x64.Build.0 = Debug|Any CPU
		{57FC6E38-A10A-435F-83A1-79618A731C61}.Debug|x86.ActiveCfg = Debug|Any CPU
		{57FC6E38-A10A-435F-83A1-79618A731C61}.Debug|x86.Build.0 = Debug|Any CPU
		{57FC6E38-A10A-435F-83A1-79618A731C61}.Release|Any CPU.ActiveCfg = Release|Any CPU
		{57FC6E38-A10A-435F-83A1-79618A731C61}.Release|Any CPU.Build.0 = Release|Any CPU
		{57FC6E38-A10A-435F-83A1-79618A731C61}.Release|ARM.ActiveCfg = Release|Any CPU
		{57FC6E38-A10A-435F-83A1-79618A731C61}.Release|ARM.Build.0 = Release|Any CPU
		{57FC6E38-A10A-435F-83A1-79618A731C61}.Release|ARM64.ActiveCfg = Release|Any CPU
		{57FC6E38-A10A-435F-83A1-79618A731C61}.Release|ARM64.Build.0 = Release|Any CPU
		{57FC6E38-A10A-435F-83A1-79618A731C61}.Release|x64.ActiveCfg = Release|Any CPU
		{57FC6E38-A10A-435F-83A1-79618A731C61}.Release|x64.Build.0 = Release|Any CPU
		{57FC6E38-A10A-435F-83A1-79618A731C61}.Release|x86.ActiveCfg = Release|Any CPU
		{57FC6E38-A10A-435F-83A1-79618A731C61}.Release|x86.Build.0 = Release|Any CPU
		{B8A0856A-1248-4633-AFB7-4456F8ABD0D6}.Debug|Any CPU.ActiveCfg = Debug|Any CPU
		{B8A0856A-1248-4633-AFB7-4456F8ABD0D6}.Debug|Any CPU.Build.0 = Debug|Any CPU
		{B8A0856A-1248-4633-AFB7-4456F8ABD0D6}.Debug|ARM.ActiveCfg = Debug|Any CPU
		{B8A0856A-1248-4633-AFB7-4456F8ABD0D6}.Debug|ARM.Build.0 = Debug|Any CPU
		{B8A0856A-1248-4633-AFB7-4456F8ABD0D6}.Debug|ARM64.ActiveCfg = Debug|Any CPU
		{B8A0856A-1248-4633-AFB7-4456F8ABD0D6}.Debug|ARM64.Build.0 = Debug|Any CPU
		{B8A0856A-1248-4633-AFB7-4456F8ABD0D6}.Debug|x64.ActiveCfg = Debug|Any CPU
		{B8A0856A-1248-4633-AFB7-4456F8ABD0D6}.Debug|x64.Build.0 = Debug|Any CPU
		{B8A0856A-1248-4633-AFB7-4456F8ABD0D6}.Debug|x86.ActiveCfg = Debug|Any CPU
		{B8A0856A-1248-4633-AFB7-4456F8ABD0D6}.Debug|x86.Build.0 = Debug|Any CPU
		{B8A0856A-1248-4633-AFB7-4456F8ABD0D6}.Release|Any CPU.ActiveCfg = Release|Any CPU
		{B8A0856A-1248-4633-AFB7-4456F8ABD0D6}.Release|Any CPU.Build.0 = Release|Any CPU
		{B8A0856A-1248-4633-AFB7-4456F8ABD0D6}.Release|ARM.ActiveCfg = Release|Any CPU
		{B8A0856A-1248-4633-AFB7-4456F8ABD0D6}.Release|ARM.Build.0 = Release|Any CPU
		{B8A0856A-1248-4633-AFB7-4456F8ABD0D6}.Release|ARM64.ActiveCfg = Release|Any CPU
		{B8A0856A-1248-4633-AFB7-4456F8ABD0D6}.Release|ARM64.Build.0 = Release|Any CPU
		{B8A0856A-1248-4633-AFB7-4456F8ABD0D6}.Release|x64.ActiveCfg = Release|Any CPU
		{B8A0856A-1248-4633-AFB7-4456F8ABD0D6}.Release|x64.Build.0 = Release|Any CPU
		{B8A0856A-1248-4633-AFB7-4456F8ABD0D6}.Release|x86.ActiveCfg = Release|Any CPU
		{B8A0856A-1248-4633-AFB7-4456F8ABD0D6}.Release|x86.Build.0 = Release|Any CPU
		{D8DD5B7F-2567-425D-AF3C-081C467D172D}.Debug|Any CPU.ActiveCfg = Debug|Any CPU
		{D8DD5B7F-2567-425D-AF3C-081C467D172D}.Debug|Any CPU.Build.0 = Debug|Any CPU
		{D8DD5B7F-2567-425D-AF3C-081C467D172D}.Debug|ARM.ActiveCfg = Debug|Any CPU
		{D8DD5B7F-2567-425D-AF3C-081C467D172D}.Debug|ARM.Build.0 = Debug|Any CPU
		{D8DD5B7F-2567-425D-AF3C-081C467D172D}.Debug|ARM64.ActiveCfg = Debug|Any CPU
		{D8DD5B7F-2567-425D-AF3C-081C467D172D}.Debug|ARM64.Build.0 = Debug|Any CPU
		{D8DD5B7F-2567-425D-AF3C-081C467D172D}.Debug|x64.ActiveCfg = Debug|Any CPU
		{D8DD5B7F-2567-425D-AF3C-081C467D172D}.Debug|x64.Build.0 = Debug|Any CPU
		{D8DD5B7F-2567-425D-AF3C-081C467D172D}.Debug|x86.ActiveCfg = Debug|Any CPU
		{D8DD5B7F-2567-425D-AF3C-081C467D172D}.Debug|x86.Build.0 = Debug|Any CPU
		{D8DD5B7F-2567-425D-AF3C-081C467D172D}.Release|Any CPU.ActiveCfg = Release|Any CPU
		{D8DD5B7F-2567-425D-AF3C-081C467D172D}.Release|Any CPU.Build.0 = Release|Any CPU
		{D8DD5B7F-2567-425D-AF3C-081C467D172D}.Release|ARM.ActiveCfg = Release|Any CPU
		{D8DD5B7F-2567-425D-AF3C-081C467D172D}.Release|ARM.Build.0 = Release|Any CPU
		{D8DD5B7F-2567-425D-AF3C-081C467D172D}.Release|ARM64.ActiveCfg = Release|Any CPU
		{D8DD5B7F-2567-425D-AF3C-081C467D172D}.Release|ARM64.Build.0 = Release|Any CPU
		{D8DD5B7F-2567-425D-AF3C-081C467D172D}.Release|x64.ActiveCfg = Release|Any CPU
		{D8DD5B7F-2567-425D-AF3C-081C467D172D}.Release|x64.Build.0 = Release|Any CPU
		{D8DD5B7F-2567-425D-AF3C-081C467D172D}.Release|x86.ActiveCfg = Release|Any CPU
		{D8DD5B7F-2567-425D-AF3C-081C467D172D}.Release|x86.Build.0 = Release|Any CPU
	EndGlobalSection
	GlobalSection(SolutionProperties) = preSolution
		HideSolutionNode = FALSE
	EndGlobalSection
	GlobalSection(NestedProjects) = preSolution
		{54315A49-9D5C-41BC-BB7D-BB4C1F1D9D9F} = {C0121BD5-A8E2-4258-9DAF-0CB079F9DB48}
		{47744F68-9FDA-468F-BA8F-4443F3293D3A} = {D31A6665-4928-40C2-B835-94F0FC070EF9}
		{4D3DEAD1-3D3E-40C0-9824-897CE0A92FC0} = {CDCD8FAF-7356-47B3-A945-BB8786713741}
		{F3B3AA25-3567-4162-ACD2-9CD319C8F203} = {6A3385EB-7664-46B9-8CCF-8FEC868989D2}
		{81EE11B1-BD12-414C-A7BB-CD167B36AA11} = {D31A6665-4928-40C2-B835-94F0FC070EF9}
		{1E27783B-4EF4-4027-AD90-83414F4E8181} = {C0121BD5-A8E2-4258-9DAF-0CB079F9DB48}
		{DA924FB7-EC12-4073-9D75-DB2872DAB99A} = {C0121BD5-A8E2-4258-9DAF-0CB079F9DB48}
		{37343C53-2DA9-4409-889F-531E0E329E35} = {C0121BD5-A8E2-4258-9DAF-0CB079F9DB48}
		{5FE03347-0375-4233-BEC2-323505324059} = {759C9133-A61F-48B0-BA29-00177D546821}
		{F95BD251-7EF8-47F9-BC72-9D69334CBE9A} = {6A3385EB-7664-46B9-8CCF-8FEC868989D2}
		{57FC6E38-A10A-435F-83A1-79618A731C61} = {7EA2D224-610E-4667-AD7F-F975A640F8B3}
		{B8A0856A-1248-4633-AFB7-4456F8ABD0D6} = {759C9133-A61F-48B0-BA29-00177D546821}
		{D8DD5B7F-2567-425D-AF3C-081C467D172D} = {CDCD8FAF-7356-47B3-A945-BB8786713741}
	EndGlobalSection
	GlobalSection(ExtensibilityGlobals) = postSolution
		SolutionGuid = {8A85E044-D04E-45A4-AE20-5C3698786707}
	EndGlobalSection
EndGlobal
